
Microsoft Visual Studio Solution File, Format Version 12.00
# Visual Studio Version 17
VisualStudioVersion = 17.3.32929.385
MinimumVisualStudioVersion = 10.0.40219.1
Project("{FAE04EC0-301F-11D3-BF4B-00C04F79EFBC}") = "STP_sharp", "STP_sharp\STP_sharp.csproj", "{CE45E41C-4EB4-46ED-A54F-99BF14240259}"
EndProject
Global
	GlobalSection(SolutionConfigurationPlatforms) = preSolution
		Debug|Any CPU = Debug|Any CPU
		Release|Any CPU = Release|Any CPU
	EndGlobalSection
	GlobalSection(ProjectConfigurationPlatforms) = postSolution
		{CE45E41C-4EB4-46ED-A54F-99BF14240259}.Debug|Any CPU.ActiveCfg = Debug|Any CPU
		{CE45E41C-4EB4-46ED-A54F-99BF14240259}.Debug|Any CPU.Build.0 = Debug|Any CPU
		{CE45E41C-4EB4-46ED-A54F-99BF14240259}.Release|Any CPU.ActiveCfg = Release|Any CPU
		{CE45E41C-4EB4-46ED-A54F-99BF14240259}.Release|Any CPU.Build.0 = Release|Any CPU
	EndGlobalSection
	GlobalSection(SolutionProperties) = preSolution
		HideSolutionNode = FALSE
	EndGlobalSection
	GlobalSection(ExtensibilityGlobals) = postSolution
		SolutionGuid = {EF84F6B6-6DC9-40B9-AB58-F65DA3A7859E}
	EndGlobalSection
EndGlobal
